// !$*UTF8*$!
{
	archiveVersion = 1;
	classes = {
	};
	objectVersion = 77;
	objects = {

/* Begin PBXBuildFile section */
		0134EB00FCADE9C6760E94C3 /* Models.swift in Sources */ = {isa = PBXBuildFile; fileRef = D71F7EC6215383E28B8504D6 /* Models.swift */; };
		17842704C3A11AEB56ED1DAA /* AISYSAppTests.swift in Sources */ = {isa = PBXBuildFile; fileRef = 7AC5138A411C914DB4D5AE9F /* AISYSAppTests.swift */; };
		33B554E67648A09D2B3FA223 /* RootTabView.swift in Sources */ = {isa = PBXBuildFile; fileRef = 6FD11294844C01BF1B041A12 /* RootTabView.swift */; };
		8996C6B976101B7FBEA8CD20 /* AISYSApp.swift in Sources */ = {isa = PBXBuildFile; fileRef = 4EB8550D7167F38BF77BC796 /* AISYSApp.swift */; };
		A562AF02780501D1737514AE /* OCRView.swift in Sources */ = {isa = PBXBuildFile; fileRef = 188D4A67A763047523D31AE1 /* OCRView.swift */; };
		B932ED19AEA38751B581B486 /* SearchFlowViews.swift in Sources */ = {isa = PBXBuildFile; fileRef = EF0A7D33042C8959C4D5E809 /* SearchFlowViews.swift */; };
		C4DABF681E9D0290768E3FB4 /* HomeView.swift in Sources */ = {isa = PBXBuildFile; fileRef = F408ACC8D034B72FF9346C76 /* HomeView.swift */; };
/* End PBXBuildFile section */

/* Begin PBXContainerItemProxy section */
		E6EA3BDFAAECFD36F700854E /* PBXContainerItemProxy */ = {
			isa = PBXContainerItemProxy;
			containerPortal = 27CB01310FE3EE61D008D0DF /* Project object */;
			proxyType = 1;
			remoteGlobalIDString = 2CE181BFE59D5C851761B664;
			remoteInfo = AISYSApp;
		};
/* End PBXContainerItemProxy section */

/* Begin PBXFileReference section */
		188D4A67A763047523D31AE1 /* OCRView.swift */ = {isa = PBXFileReference; lastKnownFileType = sourcecode.swift; path = OCRView.swift; sourceTree = "<group>"; };
		353E1A434AF9C763B420648A /* AISYSAppTests.xctest */ = {isa = PBXFileReference; includeInIndex = 0; lastKnownFileType = wrapper.cfbundle; path = AISYSAppTests.xctest; sourceTree = BUILT_PRODUCTS_DIR; };
		4EB8550D7167F38BF77BC796 /* AISYSApp.swift */ = {isa = PBXFileReference; lastKnownFileType = sourcecode.swift; path = AISYSApp.swift; sourceTree = "<group>"; };
		6FD11294844C01BF1B041A12 /* RootTabView.swift */ = {isa = PBXFileReference; lastKnownFileType = sourcecode.swift; path = RootTabView.swift; sourceTree = "<group>"; };
		7AC5138A411C914DB4D5AE9F /* AISYSAppTests.swift */ = {isa = PBXFileReference; lastKnownFileType = sourcecode.swift; path = AISYSAppTests.swift; sourceTree = "<group>"; };
		A012500B9935794B1603D393 /* AISYSApp.app */ = {isa = PBXFileReference; includeInIndex = 0; lastKnownFileType = wrapper.application; path = AISYSApp.app; sourceTree = BUILT_PRODUCTS_DIR; };
		D71F7EC6215383E28B8504D6 /* Models.swift */ = {isa = PBXFileReference; lastKnownFileType = sourcecode.swift; path = Models.swift; sourceTree = "<group>"; };
		EF0A7D33042C8959C4D5E809 /* SearchFlowViews.swift */ = {isa = PBXFileReference; lastKnownFileType = sourcecode.swift; path = SearchFlowViews.swift; sourceTree = "<group>"; };
		F408ACC8D034B72FF9346C76 /* HomeView.swift */ = {isa = PBXFileReference; lastKnownFileType = sourcecode.swift; path = HomeView.swift; sourceTree = "<group>"; };
/* End PBXFileReference section */

/* Begin PBXGroup section */
		A5F2AD8B184F65E904735D91 /* Products */ = {
			isa = PBXGroup;
			children = (
				A012500B9935794B1603D393 /* AISYSApp.app */,
				353E1A434AF9C763B420648A /* AISYSAppTests.xctest */,
			);
			name = Products;
			sourceTree = "<group>";
		};
		CED744CC7EDAB7F187997964 /* AISYSAppTests */ = {
			isa = PBXGroup;
			children = (
				7AC5138A411C914DB4D5AE9F /* AISYSAppTests.swift */,
			);
			path = AISYSAppTests;
			sourceTree = "<group>";
		};
		D03C71CF2B1011835C11F5EE = {
			isa = PBXGroup;
			children = (
				CED744CC7EDAB7F187997964 /* AISYSAppTests */,
				D14B24A4C871F531B3F8521B /* Sources */,
				A5F2AD8B184F65E904735D91 /* Products */,
			);
			sourceTree = "<group>";
		};
		D14B24A4C871F531B3F8521B /* Sources */ = {
			isa = PBXGroup;
			children = (
				4EB8550D7167F38BF77BC796 /* AISYSApp.swift */,
				F408ACC8D034B72FF9346C76 /* HomeView.swift */,
				D71F7EC6215383E28B8504D6 /* Models.swift */,
				188D4A67A763047523D31AE1 /* OCRView.swift */,
				6FD11294844C01BF1B041A12 /* RootTabView.swift */,
				EF0A7D33042C8959C4D5E809 /* SearchFlowViews.swift */,
			);
			name = Sources;
			path = AISYSApp/Sources;
			sourceTree = "<group>";
		};
/* End PBXGroup section */

/* Begin PBXNativeTarget section */
		2CE181BFE59D5C851761B664 /* AISYSApp */ = {
			isa = PBXNativeTarget;
			buildConfigurationList = 2995ABA1793097ED07B61CF9 /* Build configuration list for PBXNativeTarget "AISYSApp" */;
			buildPhases = (
				2AA16CF814A4F02670005A49 /* Sources */,
			);
			buildRules = (
			);
			dependencies = (
			);
			name = AISYSApp;
			packageProductDependencies = (
			);
			productName = AISYSApp;
			productReference = A012500B9935794B1603D393 /* AISYSApp.app */;
			productType = "com.apple.product-type.application";
		};
		EBDCA1FDA209B33F35A692C1 /* AISYSAppTests */ = {
			isa = PBXNativeTarget;
			buildConfigurationList = 511B09D86D29E78315042DE7 /* Build configuration list for PBXNativeTarget "AISYSAppTests" */;
			buildPhases = (
				E665484E1621D77381A9C640 /* Sources */,
			);
			buildRules = (
			);
			dependencies = (
				005E9E86FACF8B35ED1CBF30 /* PBXTargetDependency */,
			);
			name = AISYSAppTests;
			packageProductDependencies = (
			);
			productName = AISYSAppTests;
			productReference = 353E1A434AF9C763B420648A /* AISYSAppTests.xctest */;
			productType = "com.apple.product-type.bundle.unit-test";
		};
/* End PBXNativeTarget section */

/* Begin PBXProject section */
		27CB01310FE3EE61D008D0DF /* Project object */ = {
			isa = PBXProject;
			attributes = {
				BuildIndependentTargetsInParallel = YES;
				LastUpgradeCheck = 1430;
				TargetAttributes = {
					2CE181BFE59D5C851761B664 = {
						DevelopmentTeam = "";
						ProvisioningStyle = Automatic;
					};
					EBDCA1FDA209B33F35A692C1 = {
						DevelopmentTeam = "";
						ProvisioningStyle = Automatic;
					};
				};
			};
			buildConfigurationList = 3788F2284E23FC264F376475 /* Build configuration list for PBXProject "AISYS" */;
			developmentRegion = en;
			hasScannedForEncodings = 0;
			knownRegions = (
				Base,
				en,
			);
			mainGroup = D03C71CF2B1011835C11F5EE;
			minimizedProjectReferenceProxies = 1;
			preferredProjectObjectVersion = 77;
			productRefGroup = A5F2AD8B184F65E904735D91 /* Products */;
			projectDirPath = "";
			projectRoot = "";
			targets = (
				2CE181BFE59D5C851761B664 /* AISYSApp */,
				EBDCA1FDA209B33F35A692C1 /* AISYSAppTests */,
			);
		};
/* End PBXProject section */

/* Begin PBXSourcesBuildPhase section */
		2AA16CF814A4F02670005A49 /* Sources */ = {
			isa = PBXSourcesBuildPhase;
			buildActionMask = 2147483647;
			files = (
				8996C6B976101B7FBEA8CD20 /* AISYSApp.swift in Sources */,
				C4DABF681E9D0290768E3FB4 /* HomeView.swift in Sources */,
				0134EB00FCADE9C6760E94C3 /* Models.swift in Sources */,
				A562AF02780501D1737514AE /* OCRView.swift in Sources */,
				33B554E67648A09D2B3FA223 /* RootTabView.swift in Sources */,
				B932ED19AEA38751B581B486 /* SearchFlowViews.swift in Sources */,
			);
			runOnlyForDeploymentPostprocessing = 0;
		};
		E665484E1621D77381A9C640 /* Sources */ = {
			isa = PBXSourcesBuildPhase;
			buildActionMask = 2147483647;
			files = (
				17842704C3A11AEB56ED1DAA /* AISYSAppTests.swift in Sources */,
			);
			runOnlyForDeploymentPostprocessing = 0;
		};
/* End PBXSourcesBuildPhase section */

/* Begin PBXTargetDependency section */
		005E9E86FACF8B35ED1CBF30 /* PBXTargetDependency */ = {
			isa = PBXTargetDependency;
			target = 2CE181BFE59D5C851761B664 /* AISYSApp */;
			targetProxy = E6EA3BDFAAECFD36F700854E /* PBXContainerItemProxy */;
		};
/* End PBXTargetDependency section */

/* Begin XCBuildConfiguration section */
		8EFE3DE8A632E79C42CED1C6 /* Release */ = {
			isa = XCBuildConfiguration;
			buildSettings = {
				BUNDLE_LOADER = "$(TEST_HOST)";
				GENERATE_INFOPLIST_FILE = YES;
				IPHONEOS_DEPLOYMENT_TARGET = 16.0;
				LD_RUNPATH_SEARCH_PATHS = (
					"$(inherited)",
					"@executable_path/Frameworks",
					"@loader_path/Frameworks",
				);
				PRODUCT_BUNDLE_IDENTIFIER = com.acertainromance401.aisys.tests;
				SDKROOT = iphoneos;
				TARGETED_DEVICE_FAMILY = "1,2";
				TEST_HOST = "$(BUILT_PRODUCTS_DIR)/AISYSApp.app/AISYSApp";
			};
			name = Release;
		};
		950F1BCC3121F720E6D2EE6E /* Release */ = {
			isa = XCBuildConfiguration;
			buildSettings = {
				ASSETCATALOG_COMPILER_APPICON_NAME = AppIcon;
				CODE_SIGN_IDENTITY = "iPhone Developer";
				INFOPLIST_KEY_CFBundleDisplayName = AI_SYS;
				INFOPLIST_KEY_UIApplicationSceneManifest_Generation = YES;
				INFOPLIST_KEY_UILaunchScreen_Generation = YES;
				INFOPLIST_KEY_UISupportedInterfaceOrientations_iPhone = UIInterfaceOrientationPortrait;
				IPHONEOS_DEPLOYMENT_TARGET = 16.0;
				LD_RUNPATH_SEARCH_PATHS = (
					"$(inherited)",
					"@executable_path/Frameworks",
				);
				PRODUCT_BUNDLE_IDENTIFIER = com.acertainromance401.aisys;
				PRODUCT_NAME = AISYSApp;
				SDKROOT = iphoneos;
				SUPPORTS_MACCATALYST = YES;
				TARGETED_DEVICE_FAMILY = "1,2";
			};
			name = Release;
		};
		A60EBA603F4A5351DD123C97 /* Debug */ = {
			isa = XCBuildConfiguration;
			buildSettings = {
				ASSETCATALOG_COMPILER_APPICON_NAME = AppIcon;
				CODE_SIGN_IDENTITY = "iPhone Developer";
				INFOPLIST_KEY_CFBundleDisplayName = AI_SYS;
				INFOPLIST_KEY_UIApplicationSceneManifest_Generation = YES;
				INFOPLIST_KEY_UILaunchScreen_Generation = YES;
				INFOPLIST_KEY_UISupportedInterfaceOrientations_iPhone = UIInterfaceOrientationPortrait;
				IPHONEOS_DEPLOYMENT_TARGET = 16.0;
				LD_RUNPATH_SEARCH_PATHS = (
					"$(inherited)",
					"@executable_path/Frameworks",
				);
				PRODUCT_BUNDLE_IDENTIFIER = com.acertainromance401.aisys;
				PRODUCT_NAME = AISYSApp;
				SDKROOT = iphoneos;
				SUPPORTS_MACCATALYST = YES;
				TARGETED_DEVICE_FAMILY = "1,2";
			};
			name = Debug;
		};
		C685CB536254D7FE2027D96F /* Release */ = {
			isa = XCBuildConfiguration;
			buildSettings = {
				ALWAYS_SEARCH_USER_PATHS = NO;
				CLANG_ANALYZER_NONNULL = YES;
				CLANG_ANALYZER_NUMBER_OBJECT_CONVERSION = YES_AGGRESSIVE;
				CLANG_CXX_LANGUAGE_STANDARD = "gnu++14";
				CLANG_CXX_LIBRARY = "libc++";
				CLANG_ENABLE_MODULES = YES;
				CLANG_ENABLE_OBJC_ARC = YES;
				CLANG_ENABLE_OBJC_WEAK = YES;
				CLANG_WARN_BLOCK_CAPTURE_AUTORELEASING = YES;
				CLANG_WARN_BOOL_CONVERSION = YES;
				CLANG_WARN_COMMA = YES;
				CLANG_WARN_CONSTANT_CONVERSION = YES;
				CLANG_WARN_DEPRECATED_OBJC_IMPLEMENTATIONS = YES;
				CLANG_WARN_DIRECT_OBJC_ISA_USAGE = YES_ERROR;
				CLANG_WARN_DOCUMENTATION_COMMENTS = YES;
				CLANG_WARN_EMPTY_BODY = YES;
				CLANG_WARN_ENUM_CONVERSION = YES;
				CLANG_WARN_INFINITE_RECURSION = YES;
				CLANG_WARN_INT_CONVERSION = YES;
				CLANG_WARN_NON_LITERAL_NULL_CONVERSION = YES;
				CLANG_WARN_OBJC_IMPLICIT_RETAIN_SELF = YES;
				CLANG_WARN_OBJC_LITERAL_CONVERSION = YES;
				CLANG_WARN_OBJC_ROOT_CLASS = YES_ERROR;
				CLANG_WARN_QUOTED_INCLUDE_IN_FRAMEWORK_HEADER = YES;
				CLANG_WARN_RANGE_LOOP_ANALYSIS = YES;
				CLANG_WARN_STRICT_PROTOTYPES = YES;
				CLANG_WARN_SUSPICIOUS_MOVE = YES;
				CLANG_WARN_UNGUARDED_AVAILABILITY = YES_AGGRESSIVE;
				CLANG_WARN_UNREACHABLE_CODE = YES;
				CLANG_WARN__DUPLICATE_METHOD_MATCH = YES;
				CODE_SIGN_STYLE = Automatic;
				COPY_PHASE_STRIP = NO;
				CURRENT_PROJECT_VERSION = 1;
				DEBUG_INFORMATION_FORMAT = "dwarf-with-dsym";
				DEVELOPMENT_TEAM = "";
				ENABLE_NS_ASSERTIONS = NO;
				ENABLE_STRICT_OBJC_MSGSEND = YES;
				GCC_C_LANGUAGE_STANDARD = gnu11;
				GCC_NO_COMMON_BLOCKS = YES;
				GCC_WARN_64_TO_32_BIT_CONVERSION = YES;
				GCC_WARN_ABOUT_RETURN_TYPE = YES_ERROR;
				GCC_WARN_UNDECLARED_SELECTOR = YES;
				GCC_WARN_UNINITIALIZED_AUTOS = YES_AGGRESSIVE;
				GCC_WARN_UNUSED_FUNCTION = YES;
				GCC_WARN_UNUSED_VARIABLE = YES;
				GENERATE_INFOPLIST_FILE = YES;
				IPHONEOS_DEPLOYMENT_TARGET = 16.0;
				MACCATALYST_DEPLOYMENT_TARGET = 15.0;
				MACOSX_DEPLOYMENT_TARGET = 15.0;
				MARKETING_VERSION = 1.0.0;
				MTL_ENABLE_DEBUG_INFO = NO;
				MTL_FAST_MATH = YES;
				PRODUCT_NAME = "$(TARGET_NAME)";
				SDKROOT = iphoneos;
				SWIFT_COMPILATION_MODE = wholemodule;
				SWIFT_OPTIMIZATION_LEVEL = "-O";
				SWIFT_VERSION = 5.0;
			};
			name = Release;
		};
		D0A6CC680C3E7CA2CCBECC1E /* Debug */ = {
			isa = XCBuildConfiguration;
			buildSettings = {
				BUNDLE_LOADER = "$(TEST_HOST)";
				GENERATE_INFOPLIST_FILE = YES;
				IPHONEOS_DEPLOYMENT_TARGET = 16.0;
				LD_RUNPATH_SEARCH_PATHS = (
					"$(inherited)",
					"@executable_path/Frameworks",
					"@loader_path/Frameworks",
				);
				PRODUCT_BUNDLE_IDENTIFIER = com.acertainromance401.aisys.tests;
				SDKROOT = iphoneos;
				TARGETED_DEVICE_FAMILY = "1,2";
				TEST_HOST = "$(BUILT_PRODUCTS_DIR)/AISYSApp.app/AISYSApp";
			};
			name = Debug;
		};
		E7F457904C5A5C6DC2683EE4 /* Debug */ = {
			isa = XCBuildConfiguration;
			buildSettings = {
				ALWAYS_SEARCH_USER_PATHS = NO;
				CLANG_ANALYZER_NONNULL = YES;
				CLANG_ANALYZER_NUMBER_OBJECT_CONVERSION = YES_AGGRESSIVE;
				CLANG_CXX_LANGUAGE_STANDARD = "gnu++14";
				CLANG_CXX_LIBRARY = "libc++";
				CLANG_ENABLE_MODULES = YES;
				CLANG_ENABLE_OBJC_ARC = YES;
				CLANG_ENABLE_OBJC_WEAK = YES;
				CLANG_WARN_BLOCK_CAPTURE_AUTORELEASING = YES;
				CLANG_WARN_BOOL_CONVERSION = YES;
				CLANG_WARN_COMMA = YES;
				CLANG_WARN_CONSTANT_CONVERSION = YES;
				CLANG_WARN_DEPRECATED_OBJC_IMPLEMENTATIONS = YES;
				CLANG_WARN_DIRECT_OBJC_ISA_USAGE = YES_ERROR;
				CLANG_WARN_DOCUMENTATION_COMMENTS = YES;
				CLANG_WARN_EMPTY_BODY = YES;
				CLANG_WARN_ENUM_CONVERSION = YES;
				CLANG_WARN_INFINITE_RECURSION = YES;
				CLANG_WARN_INT_CONVERSION = YES;
				CLANG_WARN_NON_LITERAL_NULL_CONVERSION = YES;
				CLANG_WARN_OBJC_IMPLICIT_RETAIN_SELF = YES;
				CLANG_WARN_OBJC_LITERAL_CONVERSION = YES;
				CLANG_WARN_OBJC_ROOT_CLASS = YES_ERROR;
				CLANG_WARN_QUOTED_INCLUDE_IN_FRAMEWORK_HEADER = YES;
				CLANG_WARN_RANGE_LOOP_ANALYSIS = YES;
				CLANG_WARN_STRICT_PROTOTYPES = YES;
				CLANG_WARN_SUSPICIOUS_MOVE = YES;
				CLANG_WARN_UNGUARDED_AVAILABILITY = YES_AGGRESSIVE;
				CLANG_WARN_UNREACHABLE_CODE = YES;
				CLANG_WARN__DUPLICATE_METHOD_MATCH = YES;
				CODE_SIGN_STYLE = Automatic;
				COPY_PHASE_STRIP = NO;
				CURRENT_PROJECT_VERSION = 1;
				DEBUG_INFORMATION_FORMAT = dwarf;
				DEVELOPMENT_TEAM = "";
				ENABLE_STRICT_OBJC_MSGSEND = YES;
				ENABLE_TESTABILITY = YES;
				GCC_C_LANGUAGE_STANDARD = gnu11;
				GCC_DYNAMIC_NO_PIC = NO;
				GCC_NO_COMMON_BLOCKS = YES;
				GCC_OPTIMIZATION_LEVEL = 0;
				GCC_PREPROCESSOR_DEFINITIONS = (
					"$(inherited)",
					"DEBUG=1",
				);
				GCC_WARN_64_TO_32_BIT_CONVERSION = YES;
				GCC_WARN_ABOUT_RETURN_TYPE = YES_ERROR;
				GCC_WARN_UNDECLARED_SELECTOR = YES;
				GCC_WARN_UNINITIALIZED_AUTOS = YES_AGGRESSIVE;
				GCC_WARN_UNUSED_FUNCTION = YES;
				GCC_WARN_UNUSED_VARIABLE = YES;
				GENERATE_INFOPLIST_FILE = YES;
				IPHONEOS_DEPLOYMENT_TARGET = 16.0;
				MACCATALYST_DEPLOYMENT_TARGET = 15.0;
				MACOSX_DEPLOYMENT_TARGET = 15.0;
				MARKETING_VERSION = 1.0.0;
				MTL_ENABLE_DEBUG_INFO = INCLUDE_SOURCE;
				MTL_FAST_MATH = YES;
				ONLY_ACTIVE_ARCH = YES;
				PRODUCT_NAME = "$(TARGET_NAME)";
				SDKROOT = iphoneos;
				SWIFT_ACTIVE_COMPILATION_CONDITIONS = DEBUG;
				SWIFT_OPTIMIZATION_LEVEL = "-Onone";
				SWIFT_VERSION = 5.0;
			};
			name = Debug;
		};
/* End XCBuildConfiguration section */

/* Begin XCConfigurationList section */
		2995ABA1793097ED07B61CF9 /* Build configuration list for PBXNativeTarget "AISYSApp" */ = {
			isa = XCConfigurationList;
			buildConfigurations = (
				A60EBA603F4A5351DD123C97 /* Debug */,
				950F1BCC3121F720E6D2EE6E /* Release */,
			);
			defaultConfigurationIsVisible = 0;
			defaultConfigurationName = Debug;
		};
		3788F2284E23FC264F376475 /* Build configuration list for PBXProject "AISYS" */ = {
			isa = XCConfigurationList;
			buildConfigurations = (
				E7F457904C5A5C6DC2683EE4 /* Debug */,
				C685CB536254D7FE2027D96F /* Release */,
			);
			defaultConfigurationIsVisible = 0;
			defaultConfigurationName = Debug;
		};
		511B09D86D29E78315042DE7 /* Build configuration list for PBXNativeTarget "AISYSAppTests" */ = {
			isa = XCConfigurationList;
			buildConfigurations = (
				D0A6CC680C3E7CA2CCBECC1E /* Debug */,
				8EFE3DE8A632E79C42CED1C6 /* Release */,
			);
			defaultConfigurationIsVisible = 0;
			defaultConfigurationName = Debug;
		};
/* End XCConfigurationList section */
	};
	rootObject = 27CB01310FE3EE61D008D0DF /* Project object */;
}
